
Microsoft Visual Studio Solution File, Format Version 12.00
# Visual Studio Version 16
VisualStudioVersion = 16.0.29424.173
MinimumVisualStudioVersion = 10.0.40219.1
Project("{FAE04EC0-301F-11D3-BF4B-00C04F79EFBC}") = "WpfChatEmojiText", "WpfChatEmojiText\WpfChatEmojiText.csproj", "{7A006C6D-BA61-40CB-BC36-B0660E91F9B6}"
EndProject
Global
	GlobalSection(SolutionConfigurationPlatforms) = preSolution
		Debug|Any CPU = Debug|Any CPU
		Release|Any CPU = Release|Any CPU
	EndGlobalSection
	GlobalSection(ProjectConfigurationPlatforms) = postSolution
		{7A006C6D-BA61-40CB-BC36-B0660E91F9B6}.Debug|Any CPU.ActiveCfg = Debug|Any CPU
		{7A006C6D-BA61-40CB-BC36-B0660E91F9B6}.Debug|Any CPU.Build.0 = Debug|Any CPU
		{7A006C6D-BA61-40CB-BC36-B0660E91F9B6}.Release|Any CPU.ActiveCfg = Release|Any CPU
		{7A006C6D-BA61-40CB-BC36-B0660E91F9B6}.Release|Any CPU.Build.0 = Release|Any CPU
	EndGlobalSection
	GlobalSection(SolutionProperties) = preSolution
		HideSolutionNode = FALSE
	EndGlobalSection
	GlobalSection(ExtensibilityGlobals) = postSolution
		SolutionGuid = {9D62D3F2-04E9-4C9D-ABDD-B155E2F33329}
	EndGlobalSection
EndGlobal
