
Microsoft Visual Studio Solution File, Format Version 12.00
# Visual Studio Version 16
VisualStudioVersion = 16.0.29001.49
MinimumVisualStudioVersion = 10.0.40219.1
Project("{FAE04EC0-301F-11D3-BF4B-00C04F79EFBC}") = "CutImage", "CutImage\CutImage.csproj", "{B77BDCFD-D4B2-4746-BE53-A4BED3760FDC}"
EndProject
Global
	GlobalSection(SolutionConfigurationPlatforms) = preSolution
		Debug|Any CPU = Debug|Any CPU
		Release|Any CPU = Release|Any CPU
	EndGlobalSection
	GlobalSection(ProjectConfigurationPlatforms) = postSolution
		{B77BDCFD-D4B2-4746-BE53-A4BED3760FDC}.Debug|Any CPU.ActiveCfg = Debug|Any CPU
		{B77BDCFD-D4B2-4746-BE53-A4BED3760FDC}.Debug|Any CPU.Build.0 = Debug|Any CPU
		{B77BDCFD-D4B2-4746-BE53-A4BED3760FDC}.Release|Any CPU.ActiveCfg = Release|Any CPU
		{B77BDCFD-D4B2-4746-BE53-A4BED3760FDC}.Release|Any CPU.Build.0 = Release|Any CPU
	EndGlobalSection
	GlobalSection(SolutionProperties) = preSolution
		HideSolutionNode = FALSE
	EndGlobalSection
	GlobalSection(ExtensibilityGlobals) = postSolution
		SolutionGuid = {B6F7063D-AE8E-4406-AD22-5824C584DE0A}
	EndGlobalSection
EndGlobal
