
Microsoft Visual Studio Solution File, Format Version 12.00
# Visual Studio Version 16
VisualStudioVersion = 16.0.29424.173
MinimumVisualStudioVersion = 10.0.40219.1
Project("{FAE04EC0-301F-11D3-BF4B-00C04F79EFBC}") = "WpfPieControl", "WpfPieControl\WpfPieControl.csproj", "{DF318BE9-78C9-4EE3-A768-CC5DA78F3970}"
EndProject
Global
	GlobalSection(SolutionConfigurationPlatforms) = preSolution
		Debug|Any CPU = Debug|Any CPU
		Release|Any CPU = Release|Any CPU
	EndGlobalSection
	GlobalSection(ProjectConfigurationPlatforms) = postSolution
		{DF318BE9-78C9-4EE3-A768-CC5DA78F3970}.Debug|Any CPU.ActiveCfg = Debug|Any CPU
		{DF318BE9-78C9-4EE3-A768-CC5DA78F3970}.Debug|Any CPU.Build.0 = Debug|Any CPU
		{DF318BE9-78C9-4EE3-A768-CC5DA78F3970}.Release|Any CPU.ActiveCfg = Release|Any CPU
		{DF318BE9-78C9-4EE3-A768-CC5DA78F3970}.Release|Any CPU.Build.0 = Release|Any CPU
	EndGlobalSection
	GlobalSection(SolutionProperties) = preSolution
		HideSolutionNode = FALSE
	EndGlobalSection
	GlobalSection(ExtensibilityGlobals) = postSolution
		SolutionGuid = {855B1115-A2EB-4862-86CF-169985CE622A}
	EndGlobalSection
EndGlobal
