
Microsoft Visual Studio Solution File, Format Version 12.00
# Visual Studio Version 16
VisualStudioVersion = 16.0.29424.173
MinimumVisualStudioVersion = 10.0.40219.1
Project("{FAE04EC0-301F-11D3-BF4B-00C04F79EFBC}") = "WpfCircularMenu", "WpfCircularMenu\WpfCircularMenu.csproj", "{A93BCEBA-7032-42EC-A03B-08F765159977}"
EndProject
Global
	GlobalSection(SolutionConfigurationPlatforms) = preSolution
		Debug|Any CPU = Debug|Any CPU
		Release|Any CPU = Release|Any CPU
	EndGlobalSection
	GlobalSection(ProjectConfigurationPlatforms) = postSolution
		{A93BCEBA-7032-42EC-A03B-08F765159977}.Debug|Any CPU.ActiveCfg = Debug|Any CPU
		{A93BCEBA-7032-42EC-A03B-08F765159977}.Debug|Any CPU.Build.0 = Debug|Any CPU
		{A93BCEBA-7032-42EC-A03B-08F765159977}.Release|Any CPU.ActiveCfg = Release|Any CPU
		{A93BCEBA-7032-42EC-A03B-08F765159977}.Release|Any CPU.Build.0 = Release|Any CPU
	EndGlobalSection
	GlobalSection(SolutionProperties) = preSolution
		HideSolutionNode = FALSE
	EndGlobalSection
	GlobalSection(ExtensibilityGlobals) = postSolution
		SolutionGuid = {5DF49F88-133B-411A-8E5C-2BB298B8B9C2}
	EndGlobalSection
EndGlobal
