
Microsoft Visual Studio Solution File, Format Version 12.00
# Visual Studio Version 16
VisualStudioVersion = 16.0.30907.101
MinimumVisualStudioVersion = 10.0.40219.1
Project("{FAE04EC0-301F-11D3-BF4B-00C04F79EFBC}") = "WPFBreatheLight", "WPFBreatheLight\WPFBreatheLight.csproj", "{3B5C0EAD-6CE9-427B-B197-963BA0DD95DC}"
EndProject
Global
	GlobalSection(SolutionConfigurationPlatforms) = preSolution
		Debug|Any CPU = Debug|Any CPU
		Release|Any CPU = Release|Any CPU
	EndGlobalSection
	GlobalSection(ProjectConfigurationPlatforms) = postSolution
		{3B5C0EAD-6CE9-427B-B197-963BA0DD95DC}.Debug|Any CPU.ActiveCfg = Debug|Any CPU
		{3B5C0EAD-6CE9-427B-B197-963BA0DD95DC}.Debug|Any CPU.Build.0 = Debug|Any CPU
		{3B5C0EAD-6CE9-427B-B197-963BA0DD95DC}.Release|Any CPU.ActiveCfg = Release|Any CPU
		{3B5C0EAD-6CE9-427B-B197-963BA0DD95DC}.Release|Any CPU.Build.0 = Release|Any CPU
	EndGlobalSection
	GlobalSection(SolutionProperties) = preSolution
		HideSolutionNode = FALSE
	EndGlobalSection
	GlobalSection(ExtensibilityGlobals) = postSolution
		SolutionGuid = {31CB8D32-C504-4A33-868F-C06852F3A61E}
	EndGlobalSection
EndGlobal
