
Microsoft Visual Studio Solution File, Format Version 12.00
# Visual Studio Version 16
VisualStudioVersion = 16.0.29509.3
MinimumVisualStudioVersion = 10.0.40219.1
Project("{FAE04EC0-301F-11D3-BF4B-00C04F79EFBC}") = "WpfPasswrod", "WpfPasswrod\WpfPasswrod.csproj", "{F849E579-B4B8-4ECB-BCE6-A8C2F58BF1C8}"
EndProject
Global
	GlobalSection(SolutionConfigurationPlatforms) = preSolution
		Debug|Any CPU = Debug|Any CPU
		Release|Any CPU = Release|Any CPU
	EndGlobalSection
	GlobalSection(ProjectConfigurationPlatforms) = postSolution
		{F849E579-B4B8-4ECB-BCE6-A8C2F58BF1C8}.Debug|Any CPU.ActiveCfg = Debug|Any CPU
		{F849E579-B4B8-4ECB-BCE6-A8C2F58BF1C8}.Debug|Any CPU.Build.0 = Debug|Any CPU
		{F849E579-B4B8-4ECB-BCE6-A8C2F58BF1C8}.Release|Any CPU.ActiveCfg = Release|Any CPU
		{F849E579-B4B8-4ECB-BCE6-A8C2F58BF1C8}.Release|Any CPU.Build.0 = Release|Any CPU
	EndGlobalSection
	GlobalSection(SolutionProperties) = preSolution
		HideSolutionNode = FALSE
	EndGlobalSection
	GlobalSection(ExtensibilityGlobals) = postSolution
		SolutionGuid = {02CEDA79-16E9-4B8E-96DE-7C4A347D9FDC}
	EndGlobalSection
EndGlobal
