
Microsoft Visual Studio Solution File, Format Version 12.00
# Visual Studio Version 16
VisualStudioVersion = 16.0.29424.173
MinimumVisualStudioVersion = 10.0.40219.1
Project("{FAE04EC0-301F-11D3-BF4B-00C04F79EFBC}") = "WpfCircularProgressBar", "WpfCircularProgressBar\WpfCircularProgressBar.csproj", "{66A3C7A8-D6D9-49D1-8036-883834461B70}"
EndProject
Global
	GlobalSection(SolutionConfigurationPlatforms) = preSolution
		Debug|Any CPU = Debug|Any CPU
		Release|Any CPU = Release|Any CPU
	EndGlobalSection
	GlobalSection(ProjectConfigurationPlatforms) = postSolution
		{66A3C7A8-D6D9-49D1-8036-883834461B70}.Debug|Any CPU.ActiveCfg = Debug|Any CPU
		{66A3C7A8-D6D9-49D1-8036-883834461B70}.Debug|Any CPU.Build.0 = Debug|Any CPU
		{66A3C7A8-D6D9-49D1-8036-883834461B70}.Release|Any CPU.ActiveCfg = Release|Any CPU
		{66A3C7A8-D6D9-49D1-8036-883834461B70}.Release|Any CPU.Build.0 = Release|Any CPU
	EndGlobalSection
	GlobalSection(SolutionProperties) = preSolution
		HideSolutionNode = FALSE
	EndGlobalSection
	GlobalSection(ExtensibilityGlobals) = postSolution
		SolutionGuid = {8782DC48-1677-41F8-AFC4-568BA5E9B93C}
	EndGlobalSection
EndGlobal
